
Microsoft Visual Studio Solution File, Format Version 12.00
# Visual Studio 15
VisualStudioVersion = 15.0.28307.645
MinimumVisualStudioVersion = 10.0.40219.1
Project("{F184B08F-C81C-45F6-A57F-5ABD9991F28F}") = "ATK_APP1", "ATK_APP1\ATK_APP1.vbproj", "{AC7D439D-B1A4-4B5C-84D5-94E64643F9D9}"
EndProject
Global
	GlobalSection(SolutionConfigurationPlatforms) = preSolution
		Debug|Any CPU = Debug|Any CPU
		Release|Any CPU = Release|Any CPU
	EndGlobalSection
	GlobalSection(ProjectConfigurationPlatforms) = postSolution
		{AC7D439D-B1A4-4B5C-84D5-94E64643F9D9}.Debug|Any CPU.ActiveCfg = Debug|Any CPU
		{AC7D439D-B1A4-4B5C-84D5-94E64643F9D9}.Debug|Any CPU.Build.0 = Debug|Any CPU
		{AC7D439D-B1A4-4B5C-84D5-94E64643F9D9}.Release|Any CPU.ActiveCfg = Release|Any CPU
		{AC7D439D-B1A4-4B5C-84D5-94E64643F9D9}.Release|Any CPU.Build.0 = Release|Any CPU
	EndGlobalSection
	GlobalSection(SolutionProperties) = preSolution
		HideSolutionNode = FALSE
	EndGlobalSection
	GlobalSection(ExtensibilityGlobals) = postSolution
		SolutionGuid = {63A385DB-3438-431D-A85E-96D68DC0B3EF}
	EndGlobalSection
EndGlobal
